Microsoft Visual Studio Solution File, Format Version 11.00
# Visual Studio 2010
Project("{FAE04EC0-301F-11D3-BF4B-00C04F79EFBC}") = "Diva.AddinExample", "addon-modules\02AddinExample\Diva.AddinExample.csproj", "{D45D8560-0000-0000-0000-000000000000}"
EndProject
Project("{FAE04EC0-301F-11D3-BF4B-00C04F79EFBC}") = "Diva.Data", "addon-modules\00Data\Diva.Data.csproj", "{4A34BECA-0000-0000-0000-000000000000}"
EndProject
Project("{FAE04EC0-301F-11D3-BF4B-00C04F79EFBC}") = "Diva.Data.MySQL", "addon-modules\00Data\MySQL\Diva.Data.MySQL.csproj", "{B3244C32-0000-0000-0000-000000000000}"
EndProject
Project("{FAE04EC0-301F-11D3-BF4B-00C04F79EFBC}") = "Diva.Data.SQLite", "addon-modules\00Data\SQLite\Diva.Data.SQLite.csproj", "{08808D98-0000-0000-0000-000000000000}"
EndProject
Project("{FAE04EC0-301F-11D3-BF4B-00C04F79EFBC}") = "Diva.Interfaces", "addon-modules\00DivaInterfaces\Diva.Interfaces.csproj", "{64FF56E2-0000-0000-0000-000000000000}"
EndProject
Project("{FAE04EC0-301F-11D3-BF4B-00C04F79EFBC}") = "Diva.OpenSimServices", "addon-modules\1DivaOpenSimServices\Diva.OpenSimServices.csproj", "{287658E5-0000-0000-0000-000000000000}"
EndProject
Project("{FAE04EC0-301F-11D3-BF4B-00C04F79EFBC}") = "Diva.Utils", "addon-modules\01DivaUtils\Diva.Utils.csproj", "{0646298B-0000-0000-0000-000000000000}"
EndProject
Project("{FAE04EC0-301F-11D3-BF4B-00C04F79EFBC}") = "Diva.Wifi", "addon-modules\21Wifi\Diva.Wifi.csproj", "{F2E18FC5-0000-0000-0000-000000000000}"
EndProject
Project("{FAE04EC0-301F-11D3-BF4B-00C04F79EFBC}") = "Diva.Wifi.ScriptEngine", "addon-modules\20WifiScriptEngine\Diva.Wifi.ScriptEngine.csproj", "{1E78A8CA-0000-0000-0000-000000000000}"
EndProject
Project("{FAE04EC0-301F-11D3-BF4B-00C04F79EFBC}") = "OpenSimBirds.Module", "addon-modules\OpenSimBirds\Module\OpenSimBirds.Module.csproj", "{5137A051-0000-0000-0000-000000000000}"
EndProject
Project("{FAE04EC0-301F-11D3-BF4B-00C04F79EFBC}") = "OpenSimSearch.Modules", "addon-modules\OpenSimSearch\Modules\OpenSimSearch.Modules.csproj", "{BE5D1132-0000-0000-0000-000000000000}"
EndProject
Project("{FAE04EC0-301F-11D3-BF4B-00C04F79EFBC}") = "OpenSimTide.Module", "addon-modules\OpenSimTide\Module\OpenSimTide.Module.csproj", "{EAA0C3D7-0000-0000-0000-000000000000}"
EndProject
Global
	GlobalSection(SolutionConfigurationPlatforms) = preSolution
		Debug|Any CPU = Debug|Any CPU
		Release|Any CPU = Release|Any CPU
	EndGlobalSection
	GlobalSection(ProjectConfigurationPlatforms) = postSolution
		{D45D8560-0000-0000-0000-000000000000}.Debug|Any CPU.ActiveCfg = Debug|Any CPU
		{D45D8560-0000-0000-0000-000000000000}.Debug|Any CPU.Build.0 = Debug|Any CPU
		{D45D8560-0000-0000-0000-000000000000}.Release|Any CPU.ActiveCfg = Release|Any CPU
		{D45D8560-0000-0000-0000-000000000000}.Release|Any CPU.Build.0 = Release|Any CPU
		{4A34BECA-0000-0000-0000-000000000000}.Debug|Any CPU.ActiveCfg = Debug|Any CPU
		{4A34BECA-0000-0000-0000-000000000000}.Debug|Any CPU.Build.0 = Debug|Any CPU
		{4A34BECA-0000-0000-0000-000000000000}.Release|Any CPU.ActiveCfg = Release|Any CPU
		{4A34BECA-0000-0000-0000-000000000000}.Release|Any CPU.Build.0 = Release|Any CPU
		{B3244C32-0000-0000-0000-000000000000}.Debug|Any CPU.ActiveCfg = Debug|Any CPU
		{B3244C32-0000-0000-0000-000000000000}.Debug|Any CPU.Build.0 = Debug|Any CPU
		{B3244C32-0000-0000-0000-000000000000}.Release|Any CPU.ActiveCfg = Release|Any CPU
		{B3244C32-0000-0000-0000-000000000000}.Release|Any CPU.Build.0 = Release|Any CPU
		{08808D98-0000-0000-0000-000000000000}.Debug|Any CPU.ActiveCfg = Debug|Any CPU
		{08808D98-0000-0000-0000-000000000000}.Debug|Any CPU.Build.0 = Debug|Any CPU
		{08808D98-0000-0000-0000-000000000000}.Release|Any CPU.ActiveCfg = Release|Any CPU
		{08808D98-0000-0000-0000-000000000000}.Release|Any CPU.Build.0 = Release|Any CPU
		{64FF56E2-0000-0000-0000-000000000000}.Debug|Any CPU.ActiveCfg = Debug|Any CPU
		{64FF56E2-0000-0000-0000-000000000000}.Debug|Any CPU.Build.0 = Debug|Any CPU
		{64FF56E2-0000-0000-0000-000000000000}.Release|Any CPU.ActiveCfg = Release|Any CPU
		{64FF56E2-0000-0000-0000-000000000000}.Release|Any CPU.Build.0 = Release|Any CPU
		{287658E5-0000-0000-0000-000000000000}.Debug|Any CPU.ActiveCfg = Debug|Any CPU
		{287658E5-0000-0000-0000-000000000000}.Debug|Any CPU.Build.0 = Debug|Any CPU
		{287658E5-0000-0000-0000-000000000000}.Release|Any CPU.ActiveCfg = Release|Any CPU
		{287658E5-0000-0000-0000-000000000000}.Release|Any CPU.Build.0 = Release|Any CPU
		{0646298B-0000-0000-0000-000000000000}.Debug|Any CPU.ActiveCfg = Debug|Any CPU
		{0646298B-0000-0000-0000-000000000000}.Debug|Any CPU.Build.0 = Debug|Any CPU
		{0646298B-0000-0000-0000-000000000000}.Release|Any CPU.ActiveCfg = Release|Any CPU
		{0646298B-0000-0000-0000-000000000000}.Release|Any CPU.Build.0 = Release|Any CPU
		{F2E18FC5-0000-0000-0000-000000000000}.Debug|Any CPU.ActiveCfg = Debug|Any CPU
		{F2E18FC5-0000-0000-0000-000000000000}.Debug|Any CPU.Build.0 = Debug|Any CPU
		{F2E18FC5-0000-0000-0000-000000000000}.Release|Any CPU.ActiveCfg = Release|Any CPU
		{F2E18FC5-0000-0000-0000-000000000000}.Release|Any CPU.Build.0 = Release|Any CPU
		{1E78A8CA-0000-0000-0000-000000000000}.Debug|Any CPU.ActiveCfg = Debug|Any CPU
		{1E78A8CA-0000-0000-0000-000000000000}.Debug|Any CPU.Build.0 = Debug|Any CPU
		{1E78A8CA-0000-0000-0000-000000000000}.Release|Any CPU.ActiveCfg = Release|Any CPU
		{1E78A8CA-0000-0000-0000-000000000000}.Release|Any CPU.Build.0 = Release|Any CPU
		{5137A051-0000-0000-0000-000000000000}.Debug|Any CPU.ActiveCfg = Debug|Any CPU
		{5137A051-0000-0000-0000-000000000000}.Debug|Any CPU.Build.0 = Debug|Any CPU
		{5137A051-0000-0000-0000-000000000000}.Release|Any CPU.ActiveCfg = Release|Any CPU
		{5137A051-0000-0000-0000-000000000000}.Release|Any CPU.Build.0 = Release|Any CPU
		{BE5D1132-0000-0000-0000-000000000000}.Debug|Any CPU.ActiveCfg = Debug|Any CPU
		{BE5D1132-0000-0000-0000-000000000000}.Debug|Any CPU.Build.0 = Debug|Any CPU
		{BE5D1132-0000-0000-0000-000000000000}.Release|Any CPU.ActiveCfg = Release|Any CPU
		{BE5D1132-0000-0000-0000-000000000000}.Release|Any CPU.Build.0 = Release|Any CPU
		{EAA0C3D7-0000-0000-0000-000000000000}.Debug|Any CPU.ActiveCfg = Debug|Any CPU
		{EAA0C3D7-0000-0000-0000-000000000000}.Debug|Any CPU.Build.0 = Debug|Any CPU
		{EAA0C3D7-0000-0000-0000-000000000000}.Release|Any CPU.ActiveCfg = Release|Any CPU
		{EAA0C3D7-0000-0000-0000-000000000000}.Release|Any CPU.Build.0 = Release|Any CPU
	EndGlobalSection
EndGlobal
